<?xml version="1.0" encoding="utf-8"?>
<Project ToolsVersion="4.0" xmlns="http://schemas.microsoft.com/developer/msbuild/2003">
  <ItemGroup>
    <Filter Include="Fichiers sources">
      <UniqueIdentifier>{4FC737F1-C7A5-4376-A066-2A32D752A2FF}</UniqueIdentifier>
      <Extensions>cpp;c;cc;cxx;def;odl;idl;hpj;bat;asm;asmx</Extensions>
    </Filter>
    <Filter Include="Fichiers d%27en-tête">
      <UniqueIdentifier>{93995380-89BD-4b04-88EB-625FBE52EBFB}</UniqueIdentifier>
      <Extensions>h;hh;hpp;hxx;hm;inl;inc;ipp;xsd</Extensions>
    </Filter>
    <Filter Include="Fichiers de ressources">
      <UniqueIdentifier>{67DA6AB6-F800-4c08-8B7A-83BB121AAD01}</UniqueIdentifier>
      <Extensions>rc;ico;cur;bmp;dlg;rc2;rct;bin;rgs;gif;jpg;jpeg;jpe;resx;tiff;tif;png;wav;mfcribbon-ms</Extensions>
    </Filter>
    <Filter Include="Fichiers sources\io">
      <UniqueIdentifier>{5a112eef-9377-4c66-978f-c39b2cf02700}</UniqueIdentifier>
    </Filter>
    <Filter Include="Fichiers d%27en-tête\io">
      <UniqueIdentifier>{21032f33-d554-441b-a463-440077f6db1f}</UniqueIdentifier>
    </Filter>
    <Filter Include="Fichiers d%27en-tête\cpm">
      <UniqueIdentifier>{f595ec2d-d3c7-4339-ac1d-c1b0a11225c0}</UniqueIdentifier>
    </Filter>
    <Filter Include="Fichiers sources\cpm">
      <UniqueIdentifier>{b2199a1e-4db5-4bdd-828c-92c82a5276c7}</UniqueIdentifier>
    </Filter>
  </ItemGroup>
  <ItemGroup>
    <ClCompile Include="main.cc">
      <Filter>Fichiers sources</Filter>
    </ClCompile>
    <ClCompile Include="Folder.cpp">
      <Filter>Fichiers sources\io</Filter>
    </ClCompile>
    <ClCompile Include="CrossProcessMessage.cpp">
      <Filter>Fichiers sources\cpm</Filter>
    </ClCompile>
  </ItemGroup>
  <ItemGroup>
    <ClInclude Include="Folder.h">
      <Filter>Fichiers d%27en-tête\io</Filter>
    </ClInclude>
    <ClInclude Include="CrossProcessMessage.h">
      <Filter>Fichiers d%27en-tête\cpm</Filter>
    </ClInclude>
    <ClInclude Include="common.h">
      <Filter>Fichiers d%27en-tête\io</Filter>
    </ClInclude>
  </ItemGroup>
</Project>